
Microsoft Visual Studio Solution File, Format Version 12.00
# Visual Studio Version 16
VisualStudioVersion = 16.0.32413.511
MinimumVisualStudioVersion = 10.0.40219.1
Project("{8BC9CEB8-8B4A-11D0-8D11-00A0C91BC942}") = "Laba 9 Git", "Laba 9 Git\Laba 9 Git.vcxproj", "{D3CCEAD5-E97A-4738-A910-FB82A5F4EE4E}"
EndProject
Global
	GlobalSection(SolutionConfigurationPlatforms) = preSolution
		Debug|x64 = Debug|x64
		Debug|x86 = Debug|x86
		Release|x64 = Release|x64
		Release|x86 = Release|x86
	EndGlobalSection
	GlobalSection(ProjectConfigurationPlatforms) = postSolution
		{D3CCEAD5-E97A-4738-A910-FB82A5F4EE4E}.Debug|x64.ActiveCfg = Debug|x64
		{D3CCEAD5-E97A-4738-A910-FB82A5F4EE4E}.Debug|x64.Build.0 = Debug|x64
		{D3CCEAD5-E97A-4738-A910-FB82A5F4EE4E}.Debug|x86.ActiveCfg = Debug|Win32
		{D3CCEAD5-E97A-4738-A910-FB82A5F4EE4E}.Debug|x86.Build.0 = Debug|Win32
		{D3CCEAD5-E97A-4738-A910-FB82A5F4EE4E}.Release|x64.ActiveCfg = Release|x64
		{D3CCEAD5-E97A-4738-A910-FB82A5F4EE4E}.Release|x64.Build.0 = Release|x64
		{D3CCEAD5-E97A-4738-A910-FB82A5F4EE4E}.Release|x86.ActiveCfg = Release|Win32
		{D3CCEAD5-E97A-4738-A910-FB82A5F4EE4E}.Release|x86.Build.0 = Release|Win32
	EndGlobalSection
	GlobalSection(SolutionProperties) = preSolution
		HideSolutionNode = FALSE
	EndGlobalSection
	GlobalSection(ExtensibilityGlobals) = postSolution
		SolutionGuid = {58E52BAE-0470-4FE9-94BD-6FB74A7A0024}
	EndGlobalSection
EndGlobal
